
Microsoft Visual Studio Solution File, Format Version 12.00
# Visual Studio Version 16
VisualStudioVersion = 16.0.31729.503
MinimumVisualStudioVersion = 10.0.40219.1
Project("{8BC9CEB8-8B4A-11D0-8D11-00A0C91BC942}") = "modernsignincpp", "modernsignincpp\modernsignincpp.vcxproj", "{ABB206FE-5D31-4D3C-82F5-B4A87517F9EB}"
EndProject
Global
	GlobalSection(SolutionConfigurationPlatforms) = preSolution
		Debug|Any CPU = Debug|Any CPU
		Debug|x64 = Debug|x64
		Debug|x86 = Debug|x86
		Release|Any CPU = Release|Any CPU
		Release|x64 = Release|x64
		Release|x86 = Release|x86
	EndGlobalSection
	GlobalSection(ProjectConfigurationPlatforms) = postSolution
		{ABB206FE-5D31-4D3C-82F5-B4A87517F9EB}.Debug|Any CPU.ActiveCfg = Debug|Win32
		{ABB206FE-5D31-4D3C-82F5-B4A87517F9EB}.Debug|x64.ActiveCfg = Debug|x64
		{ABB206FE-5D31-4D3C-82F5-B4A87517F9EB}.Debug|x64.Build.0 = Debug|x64
		{ABB206FE-5D31-4D3C-82F5-B4A87517F9EB}.Debug|x86.ActiveCfg = Debug|Win32
		{ABB206FE-5D31-4D3C-82F5-B4A87517F9EB}.Debug|x86.Build.0 = Debug|Win32
		{ABB206FE-5D31-4D3C-82F5-B4A87517F9EB}.Release|Any CPU.ActiveCfg = Release|Win32
		{ABB206FE-5D31-4D3C-82F5-B4A87517F9EB}.Release|x64.ActiveCfg = Release|x64
		{ABB206FE-5D31-4D3C-82F5-B4A87517F9EB}.Release|x64.Build.0 = Release|x64
		{ABB206FE-5D31-4D3C-82F5-B4A87517F9EB}.Release|x86.ActiveCfg = Release|Win32
		{ABB206FE-5D31-4D3C-82F5-B4A87517F9EB}.Release|x86.Build.0 = Release|Win32
	EndGlobalSection
	GlobalSection(SolutionProperties) = preSolution
		HideSolutionNode = FALSE
	EndGlobalSection
	GlobalSection(ExtensibilityGlobals) = postSolution
		SolutionGuid = {061E700C-D964-402D-A516-E91766A4497F}
	EndGlobalSection
EndGlobal
